
Microsoft Visual Studio Solution File, Format Version 12.00
# Visual Studio Version 17
VisualStudioVersion = 17.4.33205.214
MinimumVisualStudioVersion = 10.0.40219.1
Project("{9A19103F-16F7-4668-BE54-9A1E7A4F7556}") = "CustomerProject.WebUI", "CustomerProject.WebUI\CustomerProject.WebUI.csproj", "{0B7F7922-61DB-40AD-9E64-00B4D881AD01}"
EndProject
Project("{9A19103F-16F7-4668-BE54-9A1E7A4F7556}") = "CustomerProject.Entity", "CustomerProject.Entity\CustomerProject.Entity.csproj", "{1F28B3D2-3419-47AF-BC0F-9485DE5B3BC6}"
EndProject
Project("{9A19103F-16F7-4668-BE54-9A1E7A4F7556}") = "CustomerProject.Business", "CustomerProject.Business\CustomerProject.Business.csproj", "{20ABF7F0-D445-4613-BB80-4CDDEFF41A87}"
EndProject
Project("{9A19103F-16F7-4668-BE54-9A1E7A4F7556}") = "CustomerProject.Data", "CustomerProject.Data\CustomerProject.Data.csproj", "{56A4C4E1-2B49-4DD6-B695-782FBDD30C14}"
EndProject
Project("{FAE04EC0-301F-11D3-BF4B-00C04F79EFBC}") = "CustomerProject.WebAPI", "CustomerProject.WebAPI\CustomerProject.WebAPI.csproj", "{3C763116-CE0B-41C3-9384-D772D23FB4DA}"
EndProject
Global
	GlobalSection(SolutionConfigurationPlatforms) = preSolution
		Debug|Any CPU = Debug|Any CPU
		Release|Any CPU = Release|Any CPU
	EndGlobalSection
	GlobalSection(ProjectConfigurationPlatforms) = postSolution
		{0B7F7922-61DB-40AD-9E64-00B4D881AD01}.Debug|Any CPU.ActiveCfg = Debug|Any CPU
		{0B7F7922-61DB-40AD-9E64-00B4D881AD01}.Debug|Any CPU.Build.0 = Debug|Any CPU
		{0B7F7922-61DB-40AD-9E64-00B4D881AD01}.Release|Any CPU.ActiveCfg = Release|Any CPU
		{0B7F7922-61DB-40AD-9E64-00B4D881AD01}.Release|Any CPU.Build.0 = Release|Any CPU
		{1F28B3D2-3419-47AF-BC0F-9485DE5B3BC6}.Debug|Any CPU.ActiveCfg = Debug|Any CPU
		{1F28B3D2-3419-47AF-BC0F-9485DE5B3BC6}.Debug|Any CPU.Build.0 = Debug|Any CPU
		{1F28B3D2-3419-47AF-BC0F-9485DE5B3BC6}.Release|Any CPU.ActiveCfg = Release|Any CPU
		{1F28B3D2-3419-47AF-BC0F-9485DE5B3BC6}.Release|Any CPU.Build.0 = Release|Any CPU
		{20ABF7F0-D445-4613-BB80-4CDDEFF41A87}.Debug|Any CPU.ActiveCfg = Debug|Any CPU
		{20ABF7F0-D445-4613-BB80-4CDDEFF41A87}.Debug|Any CPU.Build.0 = Debug|Any CPU
		{20ABF7F0-D445-4613-BB80-4CDDEFF41A87}.Release|Any CPU.ActiveCfg = Release|Any CPU
		{20ABF7F0-D445-4613-BB80-4CDDEFF41A87}.Release|Any CPU.Build.0 = Release|Any CPU
		{56A4C4E1-2B49-4DD6-B695-782FBDD30C14}.Debug|Any CPU.ActiveCfg = Debug|Any CPU
		{56A4C4E1-2B49-4DD6-B695-782FBDD30C14}.Debug|Any CPU.Build.0 = Debug|Any CPU
		{56A4C4E1-2B49-4DD6-B695-782FBDD30C14}.Release|Any CPU.ActiveCfg = Release|Any CPU
		{56A4C4E1-2B49-4DD6-B695-782FBDD30C14}.Release|Any CPU.Build.0 = Release|Any CPU
		{3C763116-CE0B-41C3-9384-D772D23FB4DA}.Debug|Any CPU.ActiveCfg = Debug|Any CPU
		{3C763116-CE0B-41C3-9384-D772D23FB4DA}.Debug|Any CPU.Build.0 = Debug|Any CPU
		{3C763116-CE0B-41C3-9384-D772D23FB4DA}.Release|Any CPU.ActiveCfg = Release|Any CPU
		{3C763116-CE0B-41C3-9384-D772D23FB4DA}.Release|Any CPU.Build.0 = Release|Any CPU
	EndGlobalSection
	GlobalSection(SolutionProperties) = preSolution
		HideSolutionNode = FALSE
	EndGlobalSection
	GlobalSection(ExtensibilityGlobals) = postSolution
		SolutionGuid = {67F08AAE-1C74-4F76-80DA-F452A4717696}
	EndGlobalSection
EndGlobal
